
Microsoft Visual Studio Solution File, Format Version 12.00
# Visual Studio Version 16
VisualStudioVersion = 25.0.1704.0
MinimumVisualStudioVersion = 10.0.40219.1
Project("{FAE04EC0-301F-11D3-BF4B-00C04F79EFBC}") = "day-01", "day-01\day-01.csproj", "{4FA781F1-7D29-4CB5-B913-A5F145BB965A}"
EndProject
Project("{FAE04EC0-301F-11D3-BF4B-00C04F79EFBC}") = "day-02", "day-02\day-02.csproj", "{21D368CE-0634-489B-9CCB-07978F551403}"
EndProject
Project("{FAE04EC0-301F-11D3-BF4B-00C04F79EFBC}") = "day-03", "day-03\day-03.csproj", "{D9DA6381-45FD-403B-8BE5-B8572E88EB3D}"
EndProject
Project("{FAE04EC0-301F-11D3-BF4B-00C04F79EFBC}") = "day-04", "day-04\day-04.csproj", "{8CD8B18E-2E16-4EDE-BBA5-600B031D3BA7}"
EndProject
Project("{FAE04EC0-301F-11D3-BF4B-00C04F79EFBC}") = "day-05", "day-05\day-05.csproj", "{168B35B8-C4D4-42F3-9313-006867CEE344}"
EndProject
Project("{FAE04EC0-301F-11D3-BF4B-00C04F79EFBC}") = "day-06", "day-06\day-06.csproj", "{A2DCF9EE-806F-4D8D-B650-87D0F13DD71C}"
EndProject
Project("{FAE04EC0-301F-11D3-BF4B-00C04F79EFBC}") = "day-07", "day-07\day-07.csproj", "{6DA48F0F-20C2-49D0-BDC7-0821785594F2}"
EndProject
Project("{FAE04EC0-301F-11D3-BF4B-00C04F79EFBC}") = "day-08", "day-08\day-08.csproj", "{4F106854-8715-4C4A-B8B4-BFCC243A9DC5}"
EndProject
Project("{FAE04EC0-301F-11D3-BF4B-00C04F79EFBC}") = "day-09", "day-09\day-09.csproj", "{85541190-3AA8-4727-972D-411EB0104ECF}"
EndProject
Project("{FAE04EC0-301F-11D3-BF4B-00C04F79EFBC}") = "day-10", "day-10\day-10.csproj", "{2E84642B-2CB2-4935-A830-1CE162939553}"
EndProject
Project("{FAE04EC0-301F-11D3-BF4B-00C04F79EFBC}") = "day-11", "day-11\day-11.csproj", "{371A517A-FBEA-46FD-B0D0-2D03E2EBE4F3}"
EndProject
Project("{FAE04EC0-301F-11D3-BF4B-00C04F79EFBC}") = "day-12", "day-12\day-12.csproj", "{D41A47DF-8795-4298-B641-B9147E93DFC0}"
EndProject
Project("{FAE04EC0-301F-11D3-BF4B-00C04F79EFBC}") = "day-13", "day-13\day-13.csproj", "{F72439C2-7AC0-4DDB-BB59-CE45457140AD}"
EndProject
Project("{FAE04EC0-301F-11D3-BF4B-00C04F79EFBC}") = "day-14", "day-14\day-14.csproj", "{DB5982F5-2B74-46DE-AF96-1417E74B9850}"
EndProject
Project("{FAE04EC0-301F-11D3-BF4B-00C04F79EFBC}") = "day-15", "day-15\day-15.csproj", "{1D7C8F4C-5F2E-444F-8F58-7D19640F72C4}"
EndProject
Project("{FAE04EC0-301F-11D3-BF4B-00C04F79EFBC}") = "day-18", "day-18\day-18.csproj", "{49B8D10F-2EAD-4132-97C1-D392B57B2F97}"
EndProject
Project("{FAE04EC0-301F-11D3-BF4B-00C04F79EFBC}") = "day-20", "day-20\day-20.csproj", "{9CD09F0D-9B04-4565-A985-2043A1C11C83}"
EndProject
Project("{FAE04EC0-301F-11D3-BF4B-00C04F79EFBC}") = "day-23", "day-23\day-23.csproj", "{2FB1A26B-5318-462F-BC5B-1E0C4002380C}"
EndProject
Global
	GlobalSection(SolutionConfigurationPlatforms) = preSolution
		Debug|Any CPU = Debug|Any CPU
		Release|Any CPU = Release|Any CPU
	EndGlobalSection
	GlobalSection(ProjectConfigurationPlatforms) = postSolution
		{4FA781F1-7D29-4CB5-B913-A5F145BB965A}.Debug|Any CPU.ActiveCfg = Debug|Any CPU
		{4FA781F1-7D29-4CB5-B913-A5F145BB965A}.Debug|Any CPU.Build.0 = Debug|Any CPU
		{4FA781F1-7D29-4CB5-B913-A5F145BB965A}.Release|Any CPU.ActiveCfg = Release|Any CPU
		{4FA781F1-7D29-4CB5-B913-A5F145BB965A}.Release|Any CPU.Build.0 = Release|Any CPU
		{21D368CE-0634-489B-9CCB-07978F551403}.Debug|Any CPU.ActiveCfg = Debug|Any CPU
		{21D368CE-0634-489B-9CCB-07978F551403}.Debug|Any CPU.Build.0 = Debug|Any CPU
		{21D368CE-0634-489B-9CCB-07978F551403}.Release|Any CPU.ActiveCfg = Release|Any CPU
		{21D368CE-0634-489B-9CCB-07978F551403}.Release|Any CPU.Build.0 = Release|Any CPU
		{D9DA6381-45FD-403B-8BE5-B8572E88EB3D}.Debug|Any CPU.ActiveCfg = Debug|Any CPU
		{D9DA6381-45FD-403B-8BE5-B8572E88EB3D}.Debug|Any CPU.Build.0 = Debug|Any CPU
		{D9DA6381-45FD-403B-8BE5-B8572E88EB3D}.Release|Any CPU.ActiveCfg = Release|Any CPU
		{D9DA6381-45FD-403B-8BE5-B8572E88EB3D}.Release|Any CPU.Build.0 = Release|Any CPU
		{8CD8B18E-2E16-4EDE-BBA5-600B031D3BA7}.Debug|Any CPU.ActiveCfg = Debug|Any CPU
		{8CD8B18E-2E16-4EDE-BBA5-600B031D3BA7}.Debug|Any CPU.Build.0 = Debug|Any CPU
		{8CD8B18E-2E16-4EDE-BBA5-600B031D3BA7}.Release|Any CPU.ActiveCfg = Release|Any CPU
		{8CD8B18E-2E16-4EDE-BBA5-600B031D3BA7}.Release|Any CPU.Build.0 = Release|Any CPU
		{168B35B8-C4D4-42F3-9313-006867CEE344}.Debug|Any CPU.ActiveCfg = Debug|Any CPU
		{168B35B8-C4D4-42F3-9313-006867CEE344}.Debug|Any CPU.Build.0 = Debug|Any CPU
		{168B35B8-C4D4-42F3-9313-006867CEE344}.Release|Any CPU.ActiveCfg = Release|Any CPU
		{168B35B8-C4D4-42F3-9313-006867CEE344}.Release|Any CPU.Build.0 = Release|Any CPU
		{A2DCF9EE-806F-4D8D-B650-87D0F13DD71C}.Debug|Any CPU.ActiveCfg = Debug|Any CPU
		{A2DCF9EE-806F-4D8D-B650-87D0F13DD71C}.Debug|Any CPU.Build.0 = Debug|Any CPU
		{A2DCF9EE-806F-4D8D-B650-87D0F13DD71C}.Release|Any CPU.ActiveCfg = Release|Any CPU
		{A2DCF9EE-806F-4D8D-B650-87D0F13DD71C}.Release|Any CPU.Build.0 = Release|Any CPU
		{6DA48F0F-20C2-49D0-BDC7-0821785594F2}.Debug|Any CPU.ActiveCfg = Debug|Any CPU
		{6DA48F0F-20C2-49D0-BDC7-0821785594F2}.Debug|Any CPU.Build.0 = Debug|Any CPU
		{6DA48F0F-20C2-49D0-BDC7-0821785594F2}.Release|Any CPU.ActiveCfg = Release|Any CPU
		{6DA48F0F-20C2-49D0-BDC7-0821785594F2}.Release|Any CPU.Build.0 = Release|Any CPU
		{4F106854-8715-4C4A-B8B4-BFCC243A9DC5}.Debug|Any CPU.ActiveCfg = Debug|Any CPU
		{4F106854-8715-4C4A-B8B4-BFCC243A9DC5}.Debug|Any CPU.Build.0 = Debug|Any CPU
		{4F106854-8715-4C4A-B8B4-BFCC243A9DC5}.Release|Any CPU.ActiveCfg = Release|Any CPU
		{4F106854-8715-4C4A-B8B4-BFCC243A9DC5}.Release|Any CPU.Build.0 = Release|Any CPU
		{85541190-3AA8-4727-972D-411EB0104ECF}.Debug|Any CPU.ActiveCfg = Debug|Any CPU
		{85541190-3AA8-4727-972D-411EB0104ECF}.Debug|Any CPU.Build.0 = Debug|Any CPU
		{85541190-3AA8-4727-972D-411EB0104ECF}.Release|Any CPU.ActiveCfg = Release|Any CPU
		{85541190-3AA8-4727-972D-411EB0104ECF}.Release|Any CPU.Build.0 = Release|Any CPU
		{2E84642B-2CB2-4935-A830-1CE162939553}.Debug|Any CPU.ActiveCfg = Debug|Any CPU
		{2E84642B-2CB2-4935-A830-1CE162939553}.Debug|Any CPU.Build.0 = Debug|Any CPU
		{2E84642B-2CB2-4935-A830-1CE162939553}.Release|Any CPU.ActiveCfg = Release|Any CPU
		{2E84642B-2CB2-4935-A830-1CE162939553}.Release|Any CPU.Build.0 = Release|Any CPU
		{371A517A-FBEA-46FD-B0D0-2D03E2EBE4F3}.Debug|Any CPU.ActiveCfg = Debug|Any CPU
		{371A517A-FBEA-46FD-B0D0-2D03E2EBE4F3}.Debug|Any CPU.Build.0 = Debug|Any CPU
		{371A517A-FBEA-46FD-B0D0-2D03E2EBE4F3}.Release|Any CPU.ActiveCfg = Release|Any CPU
		{371A517A-FBEA-46FD-B0D0-2D03E2EBE4F3}.Release|Any CPU.Build.0 = Release|Any CPU
		{D41A47DF-8795-4298-B641-B9147E93DFC0}.Debug|Any CPU.ActiveCfg = Debug|Any CPU
		{D41A47DF-8795-4298-B641-B9147E93DFC0}.Debug|Any CPU.Build.0 = Debug|Any CPU
		{D41A47DF-8795-4298-B641-B9147E93DFC0}.Release|Any CPU.ActiveCfg = Release|Any CPU
		{D41A47DF-8795-4298-B641-B9147E93DFC0}.Release|Any CPU.Build.0 = Release|Any CPU
		{F72439C2-7AC0-4DDB-BB59-CE45457140AD}.Debug|Any CPU.ActiveCfg = Debug|Any CPU
		{F72439C2-7AC0-4DDB-BB59-CE45457140AD}.Debug|Any CPU.Build.0 = Debug|Any CPU
		{F72439C2-7AC0-4DDB-BB59-CE45457140AD}.Release|Any CPU.ActiveCfg = Release|Any CPU
		{F72439C2-7AC0-4DDB-BB59-CE45457140AD}.Release|Any CPU.Build.0 = Release|Any CPU
		{DB5982F5-2B74-46DE-AF96-1417E74B9850}.Debug|Any CPU.ActiveCfg = Debug|Any CPU
		{DB5982F5-2B74-46DE-AF96-1417E74B9850}.Debug|Any CPU.Build.0 = Debug|Any CPU
		{DB5982F5-2B74-46DE-AF96-1417E74B9850}.Release|Any CPU.ActiveCfg = Release|Any CPU
		{DB5982F5-2B74-46DE-AF96-1417E74B9850}.Release|Any CPU.Build.0 = Release|Any CPU
		{1D7C8F4C-5F2E-444F-8F58-7D19640F72C4}.Debug|Any CPU.ActiveCfg = Debug|Any CPU
		{1D7C8F4C-5F2E-444F-8F58-7D19640F72C4}.Debug|Any CPU.Build.0 = Debug|Any CPU
		{1D7C8F4C-5F2E-444F-8F58-7D19640F72C4}.Release|Any CPU.ActiveCfg = Release|Any CPU
		{1D7C8F4C-5F2E-444F-8F58-7D19640F72C4}.Release|Any CPU.Build.0 = Release|Any CPU
		{49B8D10F-2EAD-4132-97C1-D392B57B2F97}.Debug|Any CPU.ActiveCfg = Debug|Any CPU
		{49B8D10F-2EAD-4132-97C1-D392B57B2F97}.Debug|Any CPU.Build.0 = Debug|Any CPU
		{49B8D10F-2EAD-4132-97C1-D392B57B2F97}.Release|Any CPU.ActiveCfg = Release|Any CPU
		{49B8D10F-2EAD-4132-97C1-D392B57B2F97}.Release|Any CPU.Build.0 = Release|Any CPU
		{9CD09F0D-9B04-4565-A985-2043A1C11C83}.Debug|Any CPU.ActiveCfg = Debug|Any CPU
		{9CD09F0D-9B04-4565-A985-2043A1C11C83}.Debug|Any CPU.Build.0 = Debug|Any CPU
		{9CD09F0D-9B04-4565-A985-2043A1C11C83}.Release|Any CPU.ActiveCfg = Release|Any CPU
		{9CD09F0D-9B04-4565-A985-2043A1C11C83}.Release|Any CPU.Build.0 = Release|Any CPU
		{2FB1A26B-5318-462F-BC5B-1E0C4002380C}.Debug|Any CPU.ActiveCfg = Debug|Any CPU
		{2FB1A26B-5318-462F-BC5B-1E0C4002380C}.Debug|Any CPU.Build.0 = Debug|Any CPU
		{2FB1A26B-5318-462F-BC5B-1E0C4002380C}.Release|Any CPU.ActiveCfg = Release|Any CPU
		{2FB1A26B-5318-462F-BC5B-1E0C4002380C}.Release|Any CPU.Build.0 = Release|Any CPU
	EndGlobalSection
	GlobalSection(SolutionProperties) = preSolution
		HideSolutionNode = FALSE
	EndGlobalSection
	GlobalSection(ExtensibilityGlobals) = postSolution
		SolutionGuid = {6C544F7B-4296-4BE5-8636-04C6EC5F79D8}
	EndGlobalSection
EndGlobal
